
Microsoft Visual Studio Solution File, Format Version 12.00
# Visual Studio Version 16
VisualStudioVersion = 16.0.29905.134
MinimumVisualStudioVersion = 10.0.40219.1
Project("{FAE04EC0-301F-11D3-BF4B-00C04F79EFBC}") = "API_ALIEN", "API_ALIEN\API_ALIEN.csproj", "{D5E99C17-94DE-4A87-9CDB-8EC62221ABB8}"
EndProject
Global
	GlobalSection(SolutionConfigurationPlatforms) = preSolution
		Debug|Any CPU = Debug|Any CPU
		Release|Any CPU = Release|Any CPU
	EndGlobalSection
	GlobalSection(ProjectConfigurationPlatforms) = postSolution
		{D5E99C17-94DE-4A87-9CDB-8EC62221ABB8}.Debug|Any CPU.ActiveCfg = Debug|Any CPU
		{D5E99C17-94DE-4A87-9CDB-8EC62221ABB8}.Debug|Any CPU.Build.0 = Debug|Any CPU
		{D5E99C17-94DE-4A87-9CDB-8EC62221ABB8}.Release|Any CPU.ActiveCfg = Release|Any CPU
		{D5E99C17-94DE-4A87-9CDB-8EC62221ABB8}.Release|Any CPU.Build.0 = Release|Any CPU
	EndGlobalSection
	GlobalSection(SolutionProperties) = preSolution
		HideSolutionNode = FALSE
	EndGlobalSection
	GlobalSection(ExtensibilityGlobals) = postSolution
		SolutionGuid = {F7BA58C4-98E5-4D6C-9E46-49E733FA6087}
	EndGlobalSection
EndGlobal
